{
  "version": "1.0.0",
  "lockfileVersion": 1,
  "requires": true,
  "dependencies": {
    "classnames": {
      "version": "2.3.1",
      "resolved": "https://registry.npmjs.org/classnames/-/classnames-2.3.1.tgz",
      "integrity": "sha512-OlQdbZ7gLfGarSqxesMesDa5uz7KFbID8Kpq/SxIoNGDqY8lSYs0D+hhtBXhcdB3rcbXArFr7vlHheLk1voeNA=="
    },
    "rodal": {
      "version": "1.8.1",
      "resolved": "https://registry.npmjs.org/rodal/-/rodal-1.8.1.tgz",
      "integrity": "sha512-3BpwZrLpaWSDHu8Atzz/S83MkpqpnXL9uGjNPZy1N6V7p4eWWsBSP8er5t+1xV+fZmbGEjLTNo01pUzYHqc7vg==",
      "requires": {
        "classnames": "^2.2.6"
      }
    }
  }
}
